// !$*UTF8*$!
{
	archiveVersion = 1;
	classes = {
	};
	objectVersion = 56;
	objects = {

/* Begin PBXBuildFile section */
		37D61AB92B16EF00006EE22E /* AppDelegate.swift in Sources */ = {isa = PBXBuildFile; fileRef = 37D61AB82B16EF00006EE22E /* AppDelegate.swift */; };
		37D61ABB2B16EF00006EE22E /* SceneDelegate.swift in Sources */ = {isa = PBXBuildFile; fileRef = 37D61ABA2B16EF00006EE22E /* SceneDelegate.swift */; };
		37D61ABD2B16EF00006EE22E /* ViewController.swift in Sources */ = {isa = PBXBuildFile; fileRef = 37D61ABC2B16EF00006EE22E /* ViewController.swift */; };
		37D61AC22B16EF01006EE22E /* Assets.xcassets in Resources */ = {isa = PBXBuildFile; fileRef = 37D61AC12B16EF01006EE22E /* Assets.xcassets */; };
		37D61AC52B16EF01006EE22E /* LaunchScreen.storyboard in Resources */ = {isa = PBXBuildFile; fileRef = 37D61AC32B16EF01006EE22E /* LaunchScreen.storyboard */; };
		37D61AD02B16EF01006EE22E /* RickTests.swift in Sources */ = {isa = PBXBuildFile; fileRef = 37D61ACF2B16EF01006EE22E /* RickTests.swift */; };
		37D61ADA2B16EF01006EE22E /* RickUITests.swift in Sources */ = {isa = PBXBuildFile; fileRef = 37D61AD92B16EF01006EE22E /* RickUITests.swift */; };
		37D61ADC2B16EF01006EE22E /* RickUITestsLaunchTests.swift in Sources */ = {isa = PBXBuildFile; fileRef = 37D61ADB2B16EF01006EE22E /* RickUITestsLaunchTests.swift */; };
/* End PBXBuildFile section */

/* Begin PBXContainerItemProxy section */
		37D61ACC2B16EF01006EE22E /* PBXContainerItemProxy */ = {
			isa = PBXContainerItemProxy;
			containerPortal = 37D61AAD2B16EF00006EE22E /* Project object */;
			proxyType = 1;
			remoteGlobalIDString = 37D61AB42B16EF00006EE22E;
			remoteInfo = Rick;
		};
		37D61AD62B16EF01006EE22E /* PBXContainerItemProxy */ = {
			isa = PBXContainerItemProxy;
			containerPortal = 37D61AAD2B16EF00006EE22E /* Project object */;
			proxyType = 1;
			remoteGlobalIDString = 37D61AB42B16EF00006EE22E;
			remoteInfo = Rick;
		};
/* End PBXContainerItemProxy section */

/* Begin PBXFileReference section */
		37D61AB52B16EF00006EE22E /* Rick.app */ = {isa = PBXFileReference; explicitFileType = wrapper.application; includeInIndex = 0; path = Rick.app; sourceTree = BUILT_PRODUCTS_DIR; };
		37D61AB82B16EF00006EE22E /* AppDelegate.swift */ = {isa = PBXFileReference; lastKnownFileType = sourcecode.swift; path = AppDelegate.swift; sourceTree = "<group>"; };
		37D61ABA2B16EF00006EE22E /* SceneDelegate.swift */ = {isa = PBXFileReference; lastKnownFileType = sourcecode.swift; path = SceneDelegate.swift; sourceTree = "<group>"; };
		37D61ABC2B16EF00006EE22E /* ViewController.swift */ = {isa = PBXFileReference; lastKnownFileType = sourcecode.swift; path = ViewController.swift; sourceTree = "<group>"; };
		37D61AC12B16EF01006EE22E /* Assets.xcassets */ = {isa = PBXFileReference; lastKnownFileType = folder.assetcatalog; path = Assets.xcassets; sourceTree = "<group>"; };
		37D61AC42B16EF01006EE22E /* Base */ = {isa = PBXFileReference; lastKnownFileType = file.storyboard; name = Base; path = Base.lproj/LaunchScreen.storyboard; sourceTree = "<group>"; };
		37D61AC62B16EF01006EE22E /* Info.plist */ = {isa = PBXFileReference; lastKnownFileType = text.plist.xml; path = Info.plist; sourceTree = "<group>"; };
		37D61ACB2B16EF01006EE22E /* RickTests.xctest */ = {isa = PBXFileReference; explicitFileType = wrapper.cfbundle; includeInIndex = 0; path = RickTests.xctest; sourceTree = BUILT_PRODUCTS_DIR; };
		37D61ACF2B16EF01006EE22E /* RickTests.swift */ = {isa = PBXFileReference; lastKnownFileType = sourcecode.swift; path = RickTests.swift; sourceTree = "<group>"; };
		37D61AD52B16EF01006EE22E /* RickUITests.xctest */ = {isa = PBXFileReference; explicitFileType = wrapper.cfbundle; includeInIndex = 0; path = RickUITests.xctest; sourceTree = BUILT_PRODUCTS_DIR; };
		37D61AD92B16EF01006EE22E /* RickUITests.swift */ = {isa = PBXFileReference; lastKnownFileType = sourcecode.swift; path = RickUITests.swift; sourceTree = "<group>"; };
		37D61ADB2B16EF01006EE22E /* RickUITestsLaunchTests.swift */ = {isa = PBXFileReference; lastKnownFileType = sourcecode.swift; path = RickUITestsLaunchTests.swift; sourceTree = "<group>"; };
/* End PBXFileReference section */

/* Begin PBXFrameworksBuildPhase section */
		37D61AB22B16EF00006EE22E /* Frameworks */ = {
			isa = PBXFrameworksBuildPhase;
			buildActionMask = 2147483647;
			files = (
			);
			runOnlyForDeploymentPostprocessing = 0;
		};
		37D61AC82B16EF01006EE22E /* Frameworks */ = {
			isa = PBXFrameworksBuildPhase;
			buildActionMask = 2147483647;
			files = (
			);
			runOnlyForDeploymentPostprocessing = 0;
		};
		37D61AD22B16EF01006EE22E /* Frameworks */ = {
			isa = PBXFrameworksBuildPhase;
			buildActionMask = 2147483647;
			files = (
			);
			runOnlyForDeploymentPostprocessing = 0;
		};
/* End PBXFrameworksBuildPhase section */

/* Begin PBXGroup section */
		37D61AAC2B16EF00006EE22E = {
			isa = PBXGroup;
			children = (
				37D61AB72B16EF00006EE22E /* Rick */,
				37D61ACE2B16EF01006EE22E /* RickTests */,
				37D61AD82B16EF01006EE22E /* RickUITests */,
				37D61AB62B16EF00006EE22E /* Products */,
			);
			sourceTree = "<group>";
		};
		37D61AB62B16EF00006EE22E /* Products */ = {
			isa = PBXGroup;
			children = (
				37D61AB52B16EF00006EE22E /* Rick.app */,
				37D61ACB2B16EF01006EE22E /* RickTests.xctest */,
				37D61AD52B16EF01006EE22E /* RickUITests.xctest */,
			);
			name = Products;
			sourceTree = "<group>";
		};
		37D61AB72B16EF00006EE22E /* Rick */ = {
			isa = PBXGroup;
			children = (
				37D61AB82B16EF00006EE22E /* AppDelegate.swift */,
				37D61ABA2B16EF00006EE22E /* SceneDelegate.swift */,
				37D61ABC2B16EF00006EE22E /* ViewController.swift */,
				37D61AC12B16EF01006EE22E /* Assets.xcassets */,
				37D61AC32B16EF01006EE22E /* LaunchScreen.storyboard */,
				37D61AC62B16EF01006EE22E /* Info.plist */,
			);
			path = Rick;
			sourceTree = "<group>";
		};
		37D61ACE2B16EF01006EE22E /* RickTests */ = {
			isa = PBXGroup;
			children = (
				37D61ACF2B16EF01006EE22E /* RickTests.swift */,
			);
			path = RickTests;
			sourceTree = "<group>";
		};
		37D61AD82B16EF01006EE22E /* RickUITests */ = {
			isa = PBXGroup;
			children = (
				37D61AD92B16EF01006EE22E /* RickUITests.swift */,
				37D61ADB2B16EF01006EE22E /* RickUITestsLaunchTests.swift */,
			);
			path = RickUITests;
			sourceTree = "<group>";
		};
/* End PBXGroup section */

/* Begin PBXNativeTarget section */
		37D61AB42B16EF00006EE22E /* Rick */ = {
			isa = PBXNativeTarget;
			buildConfigurationList = 37D61ADF2B16EF01006EE22E /* Build configuration list for PBXNativeTarget "Rick" */;
			buildPhases = (
				37D61AB12B16EF00006EE22E /* Sources */,
				37D61AB22B16EF00006EE22E /* Frameworks */,
				37D61AB32B16EF00006EE22E /* Resources */,
			);
			buildRules = (
			);
			dependencies = (
			);
			name = Rick;
			productName = Rick;
			productReference = 37D61AB52B16EF00006EE22E /* Rick.app */;
			productType = "com.apple.product-type.application";
		};
		37D61ACA2B16EF01006EE22E /* RickTests */ = {
			isa = PBXNativeTarget;
			buildConfigurationList = 37D61AE22B16EF01006EE22E /* Build configuration list for PBXNativeTarget "RickTests" */;
			buildPhases = (
				37D61AC72B16EF01006EE22E /* Sources */,
				37D61AC82B16EF01006EE22E /* Frameworks */,
				37D61AC92B16EF01006EE22E /* Resources */,
			);
			buildRules = (
			);
			dependencies = (
				37D61ACD2B16EF01006EE22E /* PBXTargetDependency */,
			);
			name = RickTests;
			productName = RickTests;
			productReference = 37D61ACB2B16EF01006EE22E /* RickTests.xctest */;
			productType = "com.apple.product-type.bundle.unit-test";
		};
		37D61AD42B16EF01006EE22E /* RickUITests */ = {
			isa = PBXNativeTarget;
			buildConfigurationList = 37D61AE52B16EF01006EE22E /* Build configuration list for PBXNativeTarget "RickUITests" */;
			buildPhases = (
				37D61AD12B16EF01006EE22E /* Sources */,
				37D61AD22B16EF01006EE22E /* Frameworks */,
				37D61AD32B16EF01006EE22E /* Resources */,
			);
			buildRules = (
			);
			dependencies = (
				37D61AD72B16EF01006EE22E /* PBXTargetDependency */,
			);
			name = RickUITests;
			productName = RickUITests;
			productReference = 37D61AD52B16EF01006EE22E /* RickUITests.xctest */;
			productType = "com.apple.product-type.bundle.ui-testing";
		};
/* End PBXNativeTarget section */

/* Begin PBXProject section */
		37D61AAD2B16EF00006EE22E /* Project object */ = {
			isa = PBXProject;
			attributes = {
				BuildIndependentTargetsInParallel = 1;
				LastSwiftUpdateCheck = 1500;
				LastUpgradeCheck = 1500;
				TargetAttributes = {
					37D61AB42B16EF00006EE22E = {
						CreatedOnToolsVersion = 15.0.1;
					};
					37D61ACA2B16EF01006EE22E = {
						CreatedOnToolsVersion = 15.0.1;
						TestTargetID = 37D61AB42B16EF00006EE22E;
					};
					37D61AD42B16EF01006EE22E = {
						CreatedOnToolsVersion = 15.0.1;
						TestTargetID = 37D61AB42B16EF00006EE22E;
					};
				};
			};
			buildConfigurationList = 37D61AB02B16EF00006EE22E /* Build configuration list for PBXProject "Rick" */;
			compatibilityVersion = "Xcode 14.0";
			developmentRegion = en;
			hasScannedForEncodings = 0;
			knownRegions = (
				en,
				Base,
			);
			mainGroup = 37D61AAC2B16EF00006EE22E;
			productRefGroup = 37D61AB62B16EF00006EE22E /* Products */;
			projectDirPath = "";
			projectRoot = "";
			targets = (
				37D61AB42B16EF00006EE22E /* Rick */,
				37D61ACA2B16EF01006EE22E /* RickTests */,
				37D61AD42B16EF01006EE22E /* RickUITests */,
			);
		};
/* End PBXProject section */

/* Begin PBXResourcesBuildPhase section */
		37D61AB32B16EF00006EE22E /* Resources */ = {
			isa = PBXResourcesBuildPhase;
			buildActionMask = 2147483647;
			files = (
				37D61AC52B16EF01006EE22E /* LaunchScreen.storyboard in Resources */,
				37D61AC22B16EF01006EE22E /* Assets.xcassets in Resources */,
			);
			runOnlyForDeploymentPostprocessing = 0;
		};
		37D61AC92B16EF01006EE22E /* Resources */ = {
			isa = PBXResourcesBuildPhase;
			buildActionMask = 2147483647;
			files = (
			);
			runOnlyForDeploymentPostprocessing = 0;
		};
		37D61AD32B16EF01006EE22E /* Resources */ = {
			isa = PBXResourcesBuildPhase;
			buildActionMask = 2147483647;
			files = (
			);
			runOnlyForDeploymentPostprocessing = 0;
		};
/* End PBXResourcesBuildPhase section */

/* Begin PBXSourcesBuildPhase section */
		37D61AB12B16EF00006EE22E /* Sources */ = {
			isa = PBXSourcesBuildPhase;
			buildActionMask = 2147483647;
			files = (
				37D61ABD2B16EF00006EE22E /* ViewController.swift in Sources */,
				37D61AB92B16EF00006EE22E /* AppDelegate.swift in Sources */,
				37D61ABB2B16EF00006EE22E /* SceneDelegate.swift in Sources */,
			);
			runOnlyForDeploymentPostprocessing = 0;
		};
		37D61AC72B16EF01006EE22E /* Sources */ = {
			isa = PBXSourcesBuildPhase;
			buildActionMask = 2147483647;
			files = (
				37D61AD02B16EF01006EE22E /* RickTests.swift in Sources */,
			);
			runOnlyForDeploymentPostprocessing = 0;
		};
		37D61AD12B16EF01006EE22E /* Sources */ = {
			isa = PBXSourcesBuildPhase;
			buildActionMask = 2147483647;
			files = (
				37D61ADA2B16EF01006EE22E /* RickUITests.swift in Sources */,
				37D61ADC2B16EF01006EE22E /* RickUITestsLaunchTests.swift in Sources */,
			);
			runOnlyForDeploymentPostprocessing = 0;
		};
/* End PBXSourcesBuildPhase section */

/* Begin PBXTargetDependency section */
		37D61ACD2B16EF01006EE22E /* PBXTargetDependency */ = {
			isa = PBXTargetDependency;
			target = 37D61AB42B16EF00006EE22E /* Rick */;
			targetProxy = 37D61ACC2B16EF01006EE22E /* PBXContainerItemProxy */;
		};
		37D61AD72B16EF01006EE22E /* PBXTargetDependency */ = {
			isa = PBXTargetDependency;
			target = 37D61AB42B16EF00006EE22E /* Rick */;
			targetProxy = 37D61AD62B16EF01006EE22E /* PBXContainerItemProxy */;
		};
/* End PBXTargetDependency section */

/* Begin PBXVariantGroup section */
		37D61AC32B16EF01006EE22E /* LaunchScreen.storyboard */ = {
			isa = PBXVariantGroup;
			children = (
				37D61AC42B16EF01006EE22E /* Base */,
			);
			name = LaunchScreen.storyboard;
			sourceTree = "<group>";
		};
/* End PBXVariantGroup section */

/* Begin XCBuildConfiguration section */
		37D61ADD2B16EF01006EE22E /* Debug */ = {
			isa = XCBuildConfiguration;
			buildSettings = {
				ALWAYS_SEARCH_USER_PATHS = NO;
				ASSETCATALOG_COMPILER_GENERATE_SWIFT_ASSET_SYMBOL_EXTENSIONS = YES;
				CLANG_ANALYZER_NONNULL = YES;
				CLANG_ANALYZER_NUMBER_OBJECT_CONVERSION = YES_AGGRESSIVE;
				CLANG_CXX_LANGUAGE_STANDARD = "gnu++20";
				CLANG_ENABLE_MODULES = YES;
				CLANG_ENABLE_OBJC_ARC = YES;
				CLANG_ENABLE_OBJC_WEAK = YES;
				CLANG_WARN_BLOCK_CAPTURE_AUTORELEASING = YES;
				CLANG_WARN_BOOL_CONVERSION = YES;
				CLANG_WARN_COMMA = YES;
				CLANG_WARN_CONSTANT_CONVERSION = YES;
				CLANG_WARN_DEPRECATED_OBJC_IMPLEMENTATIONS = YES;
				CLANG_WARN_DIRECT_OBJC_ISA_USAGE = YES_ERROR;
				CLANG_WARN_DOCUMENTATION_COMMENTS = YES;
				CLANG_WARN_EMPTY_BODY = YES;
				CLANG_WARN_ENUM_CONVERSION = YES;
				CLANG_WARN_INFINITE_RECURSION = YES;
				CLANG_WARN_INT_CONVERSION = YES;
				CLANG_WARN_NON_LITERAL_NULL_CONVERSION = YES;
				CLANG_WARN_OBJC_IMPLICIT_RETAIN_SELF = YES;
				CLANG_WARN_OBJC_LITERAL_CONVERSION = YES;
				CLANG_WARN_OBJC_ROOT_CLASS = YES_ERROR;
				CLANG_WARN_QUOTED_INCLUDE_IN_FRAMEWORK_HEADER = YES;
				CLANG_WARN_RANGE_LOOP_ANALYSIS = YES;
				CLANG_WARN_STRICT_PROTOTYPES = YES;
				CLANG_WARN_SUSPICIOUS_MOVE = YES;
				CLANG_WARN_UNGUARDED_AVAILABILITY = YES_AGGRESSIVE;
				CLANG_WARN_UNREACHABLE_CODE = YES;
				CLANG_WARN__DUPLICATE_METHOD_MATCH = YES;
				COPY_PHASE_STRIP = NO;
				DEBUG_INFORMATION_FORMAT = dwarf;
				ENABLE_STRICT_OBJC_MSGSEND = YES;
				ENABLE_TESTABILITY = YES;
				ENABLE_USER_SCRIPT_SANDBOXING = YES;
				GCC_C_LANGUAGE_STANDARD = gnu17;
				GCC_DYNAMIC_NO_PIC = NO;
				GCC_NO_COMMON_BLOCKS = YES;
				GCC_OPTIMIZATION_LEVEL = 0;
				GCC_PREPROCESSOR_DEFINITIONS = (
					"DEBUG=1",
					"$(inherited)",
				);
				GCC_WARN_64_TO_32_BIT_CONVERSION = YES;
				GCC_WARN_ABOUT_RETURN_TYPE = YES_ERROR;
				GCC_WARN_UNDECLARED_SELECTOR = YES;
				GCC_WARN_UNINITIALIZED_AUTOS = YES_AGGRESSIVE;
				GCC_WARN_UNUSED_FUNCTION = YES;
				GCC_WARN_UNUSED_VARIABLE = YES;
				IPHONEOS_DEPLOYMENT_TARGET = 17.0;
				LOCALIZATION_PREFERS_STRING_CATALOGS = YES;
				MTL_ENABLE_DEBUG_INFO = INCLUDE_SOURCE;
				MTL_FAST_MATH = YES;
				ONLY_ACTIVE_ARCH = YES;
				SDKROOT = iphoneos;
				SWIFT_ACTIVE_COMPILATION_CONDITIONS = "DEBUG $(inherited)";
				SWIFT_OPTIMIZATION_LEVEL = "-Onone";
			};
			name = Debug;
		};
		37D61ADE2B16EF01006EE22E /* Release */ = {
			isa = XCBuildConfiguration;
			buildSettings = {
				ALWAYS_SEARCH_USER_PATHS = NO;
				ASSETCATALOG_COMPILER_GENERATE_SWIFT_ASSET_SYMBOL_EXTENSIONS = YES;
				CLANG_ANALYZER_NONNULL = YES;
				CLANG_ANALYZER_NUMBER_OBJECT_CONVERSION = YES_AGGRESSIVE;
				CLANG_CXX_LANGUAGE_STANDARD = "gnu++20";
				CLANG_ENABLE_MODULES = YES;
				CLANG_ENABLE_OBJC_ARC = YES;
				CLANG_ENABLE_OBJC_WEAK = YES;
				CLANG_WARN_BLOCK_CAPTURE_AUTORELEASING = YES;
				CLANG_WARN_BOOL_CONVERSION = YES;
				CLANG_WARN_COMMA = YES;
				CLANG_WARN_CONSTANT_CONVERSION = YES;
				CLANG_WARN_DEPRECATED_OBJC_IMPLEMENTATIONS = YES;
				CLANG_WARN_DIRECT_OBJC_ISA_USAGE = YES_ERROR;
				CLANG_WARN_DOCUMENTATION_COMMENTS = YES;
				CLANG_WARN_EMPTY_BODY = YES;
				CLANG_WARN_ENUM_CONVERSION = YES;
				CLANG_WARN_INFINITE_RECURSION = YES;
				CLANG_WARN_INT_CONVERSION = YES;
				CLANG_WARN_NON_LITERAL_NULL_CONVERSION = YES;
				CLANG_WARN_OBJC_IMPLICIT_RETAIN_SELF = YES;
				CLANG_WARN_OBJC_LITERAL_CONVERSION = YES;
				CLANG_WARN_OBJC_ROOT_CLASS = YES_ERROR;
				CLANG_WARN_QUOTED_INCLUDE_IN_FRAMEWORK_HEADER = YES;
				CLANG_WARN_RANGE_LOOP_ANALYSIS = YES;
				CLANG_WARN_STRICT_PROTOTYPES = YES;
				CLANG_WARN_SUSPICIOUS_MOVE = YES;
				CLANG_WARN_UNGUARDED_AVAILABILITY = YES_AGGRESSIVE;
				CLANG_WARN_UNREACHABLE_CODE = YES;
				CLANG_WARN__DUPLICATE_METHOD_MATCH = YES;
				COPY_PHASE_STRIP = NO;
				DEBUG_INFORMATION_FORMAT = "dwarf-with-dsym";
				ENABLE_NS_ASSERTIONS = NO;
				ENABLE_STRICT_OBJC_MSGSEND = YES;
				ENABLE_USER_SCRIPT_SANDBOXING = YES;
				GCC_C_LANGUAGE_STANDARD = gnu17;
				GCC_NO_COMMON_BLOCKS = YES;
				GCC_WARN_64_TO_32_BIT_CONVERSION = YES;
				GCC_WARN_ABOUT_RETURN_TYPE = YES_ERROR;
				GCC_WARN_UNDECLARED_SELECTOR = YES;
				GCC_WARN_UNINITIALIZED_AUTOS = YES_AGGRESSIVE;
				GCC_WARN_UNUSED_FUNCTION = YES;
				GCC_WARN_UNUSED_VARIABLE = YES;
				IPHONEOS_DEPLOYMENT_TARGET = 17.0;
				LOCALIZATION_PREFERS_STRING_CATALOGS = YES;
				MTL_ENABLE_DEBUG_INFO = NO;
				MTL_FAST_MATH = YES;
				SDKROOT = iphoneos;
				SWIFT_COMPILATION_MODE = wholemodule;
				VALIDATE_PRODUCT = YES;
			};
			name = Release;
		};
		37D61AE02B16EF01006EE22E /* Debug */ = {
			isa = XCBuildConfiguration;
			buildSettings = {
				ASSETCATALOG_COMPILER_APPICON_NAME = AppIcon;
				ASSETCATALOG_COMPILER_GLOBAL_ACCENT_COLOR_NAME = AccentColor;
				CODE_SIGN_STYLE = Automatic;
				CURRENT_PROJECT_VERSION = 1;
				DEVELOPMENT_TEAM = NW3H7K8PN7;
				GENERATE_INFOPLIST_FILE = YES;
				INFOPLIST_FILE = Rick/Info.plist;
				INFOPLIST_KEY_UIApplicationSupportsIndirectInputEvents = YES;
				INFOPLIST_KEY_UILaunchStoryboardName = LaunchScreen;
				INFOPLIST_KEY_UISupportedInterfaceOrientations_iPad = "UIInterfaceOrientationPortrait UIInterfaceOrientationPortraitUpsideDown UIInterfaceOrientationLandscapeLeft UIInterfaceOrientationLandscapeRight";
				INFOPLIST_KEY_UISupportedInterfaceOrientations_iPhone = "UIInterfaceOrientationPortrait UIInterfaceOrientationLandscapeLeft UIInterfaceOrientationLandscapeRight";
				LD_RUNPATH_SEARCH_PATHS = (
					"$(inherited)",
					"@executable_path/Frameworks",
				);
				MARKETING_VERSION = 1.0;
				PRODUCT_BUNDLE_IDENTIFIER = com.thiagoleite.Rick;
				PRODUCT_NAME = "$(TARGET_NAME)";
				SWIFT_EMIT_LOC_STRINGS = YES;
				SWIFT_VERSION = 5.0;
				TARGETED_DEVICE_FAMILY = "1,2";
			};
			name = Debug;
		};
		37D61AE12B16EF01006EE22E /* Release */ = {
			isa = XCBuildConfiguration;
			buildSettings = {
				ASSETCATALOG_COMPILER_APPICON_NAME = AppIcon;
				ASSETCATALOG_COMPILER_GLOBAL_ACCENT_COLOR_NAME = AccentColor;
				CODE_SIGN_STYLE = Automatic;
				CURRENT_PROJECT_VERSION = 1;
				DEVELOPMENT_TEAM = NW3H7K8PN7;
				GENERATE_INFOPLIST_FILE = YES;
				INFOPLIST_FILE = Rick/Info.plist;
				INFOPLIST_KEY_UIApplicationSupportsIndirectInputEvents = YES;
				INFOPLIST_KEY_UILaunchStoryboardName = LaunchScreen;
				INFOPLIST_KEY_UISupportedInterfaceOrientations_iPad = "UIInterfaceOrientationPortrait UIInterfaceOrientationPortraitUpsideDown UIInterfaceOrientationLandscapeLeft UIInterfaceOrientationLandscapeRight";
				INFOPLIST_KEY_UISupportedInterfaceOrientations_iPhone = "UIInterfaceOrientationPortrait UIInterfaceOrientationLandscapeLeft UIInterfaceOrientationLandscapeRight";
				LD_RUNPATH_SEARCH_PATHS = (
					"$(inherited)",
					"@executable_path/Frameworks",
				);
				MARKETING_VERSION = 1.0;
				PRODUCT_BUNDLE_IDENTIFIER = com.thiagoleite.Rick;
				PRODUCT_NAME = "$(TARGET_NAME)";
				SWIFT_EMIT_LOC_STRINGS = YES;
				SWIFT_VERSION = 5.0;
				TARGETED_DEVICE_FAMILY = "1,2";
			};
			name = Release;
		};
		37D61AE32B16EF01006EE22E /* Debug */ = {
			isa = XCBuildConfiguration;
			buildSettings = {
				ALWAYS_EMBED_SWIFT_STANDARD_LIBRARIES = YES;
				BUNDLE_LOADER = "$(TEST_HOST)";
				CODE_SIGN_STYLE = Automatic;
				CURRENT_PROJECT_VERSION = 1;
				DEVELOPMENT_TEAM = NW3H7K8PN7;
				GENERATE_INFOPLIST_FILE = YES;
				IPHONEOS_DEPLOYMENT_TARGET = 17.0;
				MARKETING_VERSION = 1.0;
				PRODUCT_BUNDLE_IDENTIFIER = com.thiagoleite.RickTests;
				PRODUCT_NAME = "$(TARGET_NAME)";
				SWIFT_EMIT_LOC_STRINGS = NO;
				SWIFT_VERSION = 5.0;
				TARGETED_DEVICE_FAMILY = "1,2";
				TEST_HOST = "$(BUILT_PRODUCTS_DIR)/Rick.app/$(BUNDLE_EXECUTABLE_FOLDER_PATH)/Rick";
			};
			name = Debug;
		};
		37D61AE42B16EF01006EE22E /* Release */ = {
			isa = XCBuildConfiguration;
			buildSettings = {
				ALWAYS_EMBED_SWIFT_STANDARD_LIBRARIES = YES;
				BUNDLE_LOADER = "$(TEST_HOST)";
				CODE_SIGN_STYLE = Automatic;
				CURRENT_PROJECT_VERSION = 1;
				DEVELOPMENT_TEAM = NW3H7K8PN7;
				GENERATE_INFOPLIST_FILE = YES;
				IPHONEOS_DEPLOYMENT_TARGET = 17.0;
				MARKETING_VERSION = 1.0;
				PRODUCT_BUNDLE_IDENTIFIER = com.thiagoleite.RickTests;
				PRODUCT_NAME = "$(TARGET_NAME)";
				SWIFT_EMIT_LOC_STRINGS = NO;
				SWIFT_VERSION = 5.0;
				TARGETED_DEVICE_FAMILY = "1,2";
				TEST_HOST = "$(BUILT_PRODUCTS_DIR)/Rick.app/$(BUNDLE_EXECUTABLE_FOLDER_PATH)/Rick";
			};
			name = Release;
		};
		37D61AE62B16EF01006EE22E /* Debug */ = {
			isa = XCBuildConfiguration;
			buildSettings = {
				ALWAYS_EMBED_SWIFT_STANDARD_LIBRARIES = YES;
				CODE_SIGN_STYLE = Automatic;
				CURRENT_PROJECT_VERSION = 1;
				DEVELOPMENT_TEAM = NW3H7K8PN7;
				GENERATE_INFOPLIST_FILE = YES;
				MARKETING_VERSION = 1.0;
				PRODUCT_BUNDLE_IDENTIFIER = com.thiagoleite.RickUITests;
				PRODUCT_NAME = "$(TARGET_NAME)";
				SWIFT_EMIT_LOC_STRINGS = NO;
				SWIFT_VERSION = 5.0;
				TARGETED_DEVICE_FAMILY = "1,2";
				TEST_TARGET_NAME = Rick;
			};
			name = Debug;
		};
		37D61AE72B16EF01006EE22E /* Release */ = {
			isa = XCBuildConfiguration;
			buildSettings = {
				ALWAYS_EMBED_SWIFT_STANDARD_LIBRARIES = YES;
				CODE_SIGN_STYLE = Automatic;
				CURRENT_PROJECT_VERSION = 1;
				DEVELOPMENT_TEAM = NW3H7K8PN7;
				GENERATE_INFOPLIST_FILE = YES;
				MARKETING_VERSION = 1.0;
				PRODUCT_BUNDLE_IDENTIFIER = com.thiagoleite.RickUITests;
				PRODUCT_NAME = "$(TARGET_NAME)";
				SWIFT_EMIT_LOC_STRINGS = NO;
				SWIFT_VERSION = 5.0;
				TARGETED_DEVICE_FAMILY = "1,2";
				TEST_TARGET_NAME = Rick;
			};
			name = Release;
		};
/* End XCBuildConfiguration section */

/* Begin XCConfigurationList section */
		37D61AB02B16EF00006EE22E /* Build configuration list for PBXProject "Rick" */ = {
			isa = XCConfigurationList;
			buildConfigurations = (
				37D61ADD2B16EF01006EE22E /* Debug */,
				37D61ADE2B16EF01006EE22E /* Release */,
			);
			defaultConfigurationIsVisible = 0;
			defaultConfigurationName = Release;
		};
		37D61ADF2B16EF01006EE22E /* Build configuration list for PBXNativeTarget "Rick" */ = {
			isa = XCConfigurationList;
			buildConfigurations = (
				37D61AE02B16EF01006EE22E /* Debug */,
				37D61AE12B16EF01006EE22E /* Release */,
			);
			defaultConfigurationIsVisible = 0;
			defaultConfigurationName = Release;
		};
		37D61AE22B16EF01006EE22E /* Build configuration list for PBXNativeTarget "RickTests" */ = {
			isa = XCConfigurationList;
			buildConfigurations = (
				37D61AE32B16EF01006EE22E /* Debug */,
				37D61AE42B16EF01006EE22E /* Release */,
			);
			defaultConfigurationIsVisible = 0;
			defaultConfigurationName = Release;
		};
		37D61AE52B16EF01006EE22E /* Build configuration list for PBXNativeTarget "RickUITests" */ = {
			isa = XCConfigurationList;
			buildConfigurations = (
				37D61AE62B16EF01006EE22E /* Debug */,
				37D61AE72B16EF01006EE22E /* Release */,
			);
			defaultConfigurationIsVisible = 0;
			defaultConfigurationName = Release;
		};
/* End XCConfigurationList section */
	};
	rootObject = 37D61AAD2B16EF00006EE22E /* Project object */;
}
